{
  "nodes": {
    "flake-utils": {
      "locked": {
        "lastModified": 1601282935,
        "narHash": "sha256-WQAFV6sGGQxrRs3a+/Yj9xUYvhTpukQJIcMbIi7LCJ4=",
        "owner": "numtide",
        "repo": "flake-utils",
        "rev": "588973065fce51f4763287f0fda87a174d78bf48",
        "type": "github"
      },
      "original": {
        "owner": "numtide",
        "repo": "flake-utils",
        "type": "github"
      }
    },
    "nixpkgs": {
      "locked": {
        "lastModified": 1615259932,
        "narHash": "sha256-IXecmbqCr+XCtFwzBO3tHEd8PoJ4X4EyPZebKbV2ioE=",
        "owner": "NixOS",
        "repo": "nixpkgs",
        "rev": "29b0d4d0b600f8f5dd0b86e3362a33d4181938f9",
        "type": "github"
      },
      "original": {
        "owner": "NixOS",
        "ref": "nixos-unstable",
        "repo": "nixpkgs",
        "type": "github"
      }
    },
    "pypi-deps-db": {
      "flake": false,
      "locked": {
        "lastModified": 1620853232,
        "narHash": "sha256-SeePgys1mlGUrN/YhCRoo8nApRx5H+KKjyKM1zQ+yAE=",
        "owner": "DavHau",
        "repo": "pypi-deps-db",
        "rev": "15175225c8295e08e5b95b2965892820a64e9746",
        "type": "github"
      },
      "original": {
        "owner": "DavHau",
        "repo": "pypi-deps-db",
        "type": "github"
      }
    },
    "root": {
      "inputs": {
        "flake-utils": "flake-utils",
        "nixpkgs": "nixpkgs",
        "pypi-deps-db": "pypi-deps-db"
      }
    }
  },
  "root": "root",
  "version": 7
}
